
Microsoft Visual Studio Solution File, Format Version 12.00
# Visual Studio Version 17
VisualStudioVersion = 17.7.34202.233
MinimumVisualStudioVersion = 10.0.40219.1
Project("{FAE04EC0-301F-11D3-BF4B-00C04F79EFBC}") = "Lab1dotNet", "Lab1dotNet.csproj", "{D6FCDAB8-480E-4501-A2F3-771630CC758E}"
EndProject
Global
	GlobalSection(SolutionConfigurationPlatforms) = preSolution
		Debug|Any CPU = Debug|Any CPU
		Release|Any CPU = Release|Any CPU
	EndGlobalSection
	GlobalSection(ProjectConfigurationPlatforms) = postSolution
		{D6FCDAB8-480E-4501-A2F3-771630CC758E}.Debug|Any CPU.ActiveCfg = Debug|Any CPU
		{D6FCDAB8-480E-4501-A2F3-771630CC758E}.Debug|Any CPU.Build.0 = Debug|Any CPU
		{D6FCDAB8-480E-4501-A2F3-771630CC758E}.Release|Any CPU.ActiveCfg = Release|Any CPU
		{D6FCDAB8-480E-4501-A2F3-771630CC758E}.Release|Any CPU.Build.0 = Release|Any CPU
	EndGlobalSection
	GlobalSection(SolutionProperties) = preSolution
		HideSolutionNode = FALSE
	EndGlobalSection
	GlobalSection(ExtensibilityGlobals) = postSolution
		SolutionGuid = {83982355-B079-4B2A-AE38-A4D62B47F297}
	EndGlobalSection
EndGlobal
